PODS:
  - Smart-Core-SDK (7.5.1)
  - Smart-Display-SDK (7.4.0):
    - Smart-Core-SDK (~> 7.4)

DEPENDENCIES:
  - Smart-Display-SDK (~> 7.4.0)

SPEC REPOS:
  https://github.com/CocoaPods/Specs.git:
    - Smart-Core-SDK
    - Smart-Display-SDK

SPEC CHECKSUMS:
  Smart-Core-SDK: 6c2e40a034ff92c0db327b85bb0186793f432639
  Smart-Display-SDK: fa8c47b5ad2b1cd7125ad5a4cf8e760246b05a52

PODFILE CHECKSUM: f2e9c1060ca1f88fb424868f633a3151d51ccdf7

COCOAPODS: 1.9.1
