PODS:
  - Smart-Core-SDK (7.4.0)
  - Smart-Display-SDK (7.4.0):
    - Smart-Core-SDK (~> 7.4)

DEPENDENCIES:
  - Smart-Display-SDK (~> 7.4.0)

SPEC REPOS:
  https://github.com/CocoaPods/Specs.git:
    - Smart-Core-SDK
    - Smart-Display-SDK

SPEC CHECKSUMS:
  Smart-Core-SDK: 9b8aeae7a6537624ab33b9fa7174e16bb861676b
  Smart-Display-SDK: fa8c47b5ad2b1cd7125ad5a4cf8e760246b05a52

PODFILE CHECKSUM: f97f8f3ec6cf019359123631d194cd4692d8af4b

COCOAPODS: 1.8.4
